
Microsoft Visual Studio Solution File, Format Version 12.00
# Visual Studio 15
VisualStudioVersion = 15.0.28307.329
MinimumVisualStudioVersion = 10.0.40219.1
Project("{FAE04EC0-301F-11D3-BF4B-00C04F79EFBC}") = "maDMPTranslator", "maDMPTranslator\maDMPTranslator.csproj", "{4425FB78-5FC3-4E6B-96D5-92C910F2F3D0}"
EndProject
Global
	GlobalSection(SolutionConfigurationPlatforms) = preSolution
		Debug|Any CPU = Debug|Any CPU
		Release|Any CPU = Release|Any CPU
	EndGlobalSection
	GlobalSection(ProjectConfigurationPlatforms) = postSolution
		{4425FB78-5FC3-4E6B-96D5-92C910F2F3D0}.Debug|Any CPU.ActiveCfg = Debug|Any CPU
		{4425FB78-5FC3-4E6B-96D5-92C910F2F3D0}.Debug|Any CPU.Build.0 = Debug|Any CPU
		{4425FB78-5FC3-4E6B-96D5-92C910F2F3D0}.Release|Any CPU.ActiveCfg = Release|Any CPU
		{4425FB78-5FC3-4E6B-96D5-92C910F2F3D0}.Release|Any CPU.Build.0 = Release|Any CPU
	EndGlobalSection
	GlobalSection(SolutionProperties) = preSolution
		HideSolutionNode = FALSE
	EndGlobalSection
	GlobalSection(ExtensibilityGlobals) = postSolution
		SolutionGuid = {1F4063FA-7371-4566-92AD-F348589B001E}
	EndGlobalSection
EndGlobal
